
Microsoft Visual Studio Solution File, Format Version 12.00
# Visual Studio 15
VisualStudioVersion = 15.0.28010.2016
MinimumVisualStudioVersion = 10.0.40219.1
Project("{FAE04EC0-301F-11D3-BF4B-00C04F79EFBC}") = "ControleOrcamentoWeb", "ControleOrcamentoWeb\ControleOrcamentoWeb.csproj", "{26AE0BD0-324B-4A97-8181-80C7DC11D64F}"
EndProject
Project("{FAE04EC0-301F-11D3-BF4B-00C04F79EFBC}") = "ControleOrcamentoWeb.Tests", "ControleOrcamentoWeb.Tests\ControleOrcamentoWeb.Tests.csproj", "{8AA563FC-4D04-4D11-8FAC-A514ABC936B7}"
EndProject
Global
	GlobalSection(SolutionConfigurationPlatforms) = preSolution
		Debug|Any CPU = Debug|Any CPU
		Release|Any CPU = Release|Any CPU
	EndGlobalSection
	GlobalSection(ProjectConfigurationPlatforms) = postSolution
		{26AE0BD0-324B-4A97-8181-80C7DC11D64F}.Debug|Any CPU.ActiveCfg = Debug|Any CPU
		{26AE0BD0-324B-4A97-8181-80C7DC11D64F}.Debug|Any CPU.Build.0 = Debug|Any CPU
		{26AE0BD0-324B-4A97-8181-80C7DC11D64F}.Release|Any CPU.ActiveCfg = Release|Any CPU
		{26AE0BD0-324B-4A97-8181-80C7DC11D64F}.Release|Any CPU.Build.0 = Release|Any CPU
		{8AA563FC-4D04-4D11-8FAC-A514ABC936B7}.Debug|Any CPU.ActiveCfg = Debug|Any CPU
		{8AA563FC-4D04-4D11-8FAC-A514ABC936B7}.Debug|Any CPU.Build.0 = Debug|Any CPU
		{8AA563FC-4D04-4D11-8FAC-A514ABC936B7}.Release|Any CPU.ActiveCfg = Release|Any CPU
		{8AA563FC-4D04-4D11-8FAC-A514ABC936B7}.Release|Any CPU.Build.0 = Release|Any CPU
	EndGlobalSection
	GlobalSection(SolutionProperties) = preSolution
		HideSolutionNode = FALSE
	EndGlobalSection
	GlobalSection(ExtensibilityGlobals) = postSolution
		SolutionGuid = {D098AADE-A22C-4707-A139-A03D7DE20500}
	EndGlobalSection
EndGlobal
